
Microsoft Visual Studio Solution File, Format Version 12.00
# Visual Studio Express 2013 for Windows Desktop
VisualStudioVersion = 12.0.30723.0
MinimumVisualStudioVersion = 10.0.40219.1
Project("{8BC9CEB8-8B4A-11D0-8D11-00A0C91BC942}") = "Project2", "Project2\Project2.vcxproj", "{0C23FA32-3254-4378-AC36-DFC03F564A95}"
EndProject
Global
	GlobalSection(SolutionConfigurationPlatforms) = preSolution
		Debug|Win32 = Debug|Win32
		Release|Win32 = Release|Win32
	EndGlobalSection
	GlobalSection(ProjectConfigurationPlatforms) = postSolution
		{0C23FA32-3254-4378-AC36-DFC03F564A95}.Debug|Win32.ActiveCfg = Debug|Win32
		{0C23FA32-3254-4378-AC36-DFC03F564A95}.Debug|Win32.Build.0 = Debug|Win32
		{0C23FA32-3254-4378-AC36-DFC03F564A95}.Release|Win32.ActiveCfg = Release|Win32
		{0C23FA32-3254-4378-AC36-DFC03F564A95}.Release|Win32.Build.0 = Release|Win32
	EndGlobalSection
	GlobalSection(SolutionProperties) = preSolution
		HideSolutionNode = FALSE
	EndGlobalSection
EndGlobal
